{
  "originHash" : "8e071c32d669ab1e0931d52802ce16dd9553bc2fa7bd8cba6c8236d21b1031bc",
  "pins" : [
    {
      "identity" : "fluidaudio",
      "kind" : "remoteSourceControl",
      "location" : "https://github.com/FluidInference/FluidAudio.git",
      "state" : {
        "revision" : "4dbf4f9f9a5ff3a53ade848d7ba4e3df13db859b",
        "version" : "0.15.6"
      }
    },
    {
      "identity" : "grdb.swift",
      "kind" : "remoteSourceControl",
      "location" : "https://github.com/groue/GRDB.swift.git",
      "state" : {
        "revision" : "b83108d10f42680d78f23fe4d4d80fc88dab3212",
        "version" : "7.11.1"
      }
    }
  ],
  "version" : 3
}
